
Microsoft Visual Studio Solution File, Format Version 12.00
# Visual Studio Version 17
VisualStudioVersion = 17.4.33213.308
MinimumVisualStudioVersion = 10.0.40219.1
Project("{FAE04EC0-301F-11D3-BF4B-00C04F79EFBC}") = "HashTableProblem", "HashTableProblem\HashTableProblem.csproj", "{6B667C94-DA8C-4CC0-B32E-F8EC5EDC215B}"
EndProject
Global
	GlobalSection(SolutionConfigurationPlatforms) = preSolution
		Debug|Any CPU = Debug|Any CPU
		Release|Any CPU = Release|Any CPU
	EndGlobalSection
	GlobalSection(ProjectConfigurationPlatforms) = postSolution
		{6B667C94-DA8C-4CC0-B32E-F8EC5EDC215B}.Debug|Any CPU.ActiveCfg = Debug|Any CPU
		{6B667C94-DA8C-4CC0-B32E-F8EC5EDC215B}.Debug|Any CPU.Build.0 = Debug|Any CPU
		{6B667C94-DA8C-4CC0-B32E-F8EC5EDC215B}.Release|Any CPU.ActiveCfg = Release|Any CPU
		{6B667C94-DA8C-4CC0-B32E-F8EC5EDC215B}.Release|Any CPU.Build.0 = Release|Any CPU
	EndGlobalSection
	GlobalSection(SolutionProperties) = preSolution
		HideSolutionNode = FALSE
	EndGlobalSection
	GlobalSection(ExtensibilityGlobals) = postSolution
		SolutionGuid = {5D3D7F72-A6E1-4F14-8D62-CB86BE6FC927}
	EndGlobalSection
EndGlobal
